version = 1
revision = 1
requires-python = ">=3.11"

[[package]]
name = "black"
version = "23.9.1"
source = { registry = "https://pypi.org/simple" }
dependencies = [
    { name = "click" },
    { name = "mypy-extensions" },
    { name = "packaging" },
    { name = "pathspec" },
    { name = "platformdirs" },
]
sdist = { url = "https://files.pythonhosted.org/packages/12/c3/257adbdbf2cc60bf844b5c0e3791a9d49e4fb4f7bcd8a2e875824ca0b7bc/black-23.9.1.tar.gz", hash = "sha256:24b6b3ff5c6d9ea08a8888f6977eae858e1f340d7260cf56d70a49823236b62d", size = 589529 }
wheels = [
    { url = "https://files.pythonhosted.org/packages/64/fa/1107aafc073fd6340c09a95b2367c8f5127083bf6cb9738bdd11c671350f/black-23.9.1-cp311-cp311-macosx_10_16_arm64.whl", hash = "sha256:8431445bf62d2a914b541da7ab3e2b4f3bc052d2ccbf157ebad18ea126efb91f", size = 1307893 },
    { url = "https://files.pythonhosted.org/packages/72/1a/fc7a669677250d73ea190342d360b3bd150043e61e85d1dbb7ae8bd8525a/black-23.9.1-cp311-cp311-macosx_10_16_universal2.whl", hash = "sha256:8fc1ddcf83f996247505db6b715294eba56ea9372e107fd54963c7553f2b6dfe", size = 2597509 },
    { url = "https://files.pythonhosted.org/packages/db/9e/1efe457688f60c8a3b364724828a75dd9939d77c9deaa821d7fb09af3c7f/black-23.9.1-cp311-cp311-macosx_10_16_x86_64.whl", hash = "sha256:7d30ec46de88091e4316b17ae58bbbfc12b2de05e069030f6b747dfc649ad186", size = 1476578 },
    { url = "https://files.pythonhosted.org/packages/2f/e6/9f5100305e53f2722c161fafa6cea97d3631f3afa173db95efb8501ad9f4/black-23.9.1-cp311-cp311-manylinux_2_17_x86_64.manylinux2014_x86_64.whl", hash = "sha256:031e8c69f3d3b09e1aa471a926a1eeb0b9071f80b17689a655f7885ac9325a6f", size = 1620001 },
    { url = "https://files.pythonhosted.org/packages/33/a9/702924cb0c30446f24cc5d0145d5147686e27f575066b3f37a2d207bd8eb/black-23.9.1-cp311-cp311-win_amd64.whl", hash = "sha256:538efb451cd50f43aba394e9ec7ad55a37598faae3348d723b59ea8e91616300", size = 1275776 },
    { url = "https://files.pythonhosted.org/packages/28/c7/150de595f9e5ee1efffeb398acfac3e37d218171100049c77e494326dc4b/black-23.9.1-py3-none-any.whl", hash = "sha256:6ccd59584cc834b6d127628713e4b6b968e5f79572da66284532525a042549f9", size = 182604 },
]

[[package]]
name = "click"
version = "8.1.8"
source = { registry = "https://pypi.org/simple" }
dependencies = [
    { name = "colorama", marker = "sys_platform == 'win32'" },
]
sdist = { url = "https://files.pythonhosted.org/packages/b9/2e/0090cbf739cee7d23781ad4b89a9894a41538e4fcf4c31dcdd705b78eb8b/click-8.1.8.tar.gz", hash = "sha256:ed53c9d8990d83c2a27deae68e4ee337473f6330c040a31d4225c9574d16096a", size = 226593 }
wheels = [
    { url = "https://files.pythonhosted.org/packages/7e/d4/7ebdbd03970677812aac39c869717059dbb71a4cfc033ca6e5221787892c/click-8.1.8-py3-none-any.whl", hash = "sha256:63c132bbbed01578a06712a2d1f497bb62d9c1c0d329b7903a866228027263b2", size = 98188 },
]

[[package]]
name = "colorama"
version = "0.4.6"
source = { registry = "https://pypi.org/simple" }
sdist = { url = "https://files.pythonhosted.org/packages/d8/53/6f443c9a4a8358a93a6792e2acffb9d9d5cb0a5cfd8802644b7b1c9a02e4/colorama-0.4.6.tar.gz", hash = "sha256:08695f5cb7ed6e0531a20572697297273c47b8cae5a63ffc6d6ed5c201be6e44", size = 27697 }
wheels = [
    { url = "https://files.pythonhosted.org/packages/d1/d6/3965ed04c63042e047cb6a3e6ed1a63a35087b6a609aa3a15ed8ac56c221/colorama-0.4.6-py2.py3-none-any.whl", hash = "sha256:4f1d9991f5acc0ca119f9d443620b77f9d6b33703e51011c16baf57afb285fc6", size = 25335 },
]

[[package]]
name = "h11"
version = "0.14.0"
source = { registry = "https://pypi.org/simple" }
sdist = { url = "https://files.pythonhosted.org/packages/f5/38/3af3d3633a34a3316095b39c8e8fb4853a28a536e55d347bd8d8e9a14b03/h11-0.14.0.tar.gz", hash = "sha256:8f19fbbe99e72420ff35c00b27a34cb9937e902a8b810e2c88300c6f0a3b699d", size = 100418 }
wheels = [
    { url = "https://files.pythonhosted.org/packages/95/04/ff642e65ad6b90db43e668d70ffb6736436c7ce41fcc549f4e9472234127/h11-0.14.0-py3-none-any.whl", hash = "sha256:e3fe4ac4b851c468cc8363d500db52c2ead036020723024a109d37346efaa761", size = 58259 },
]

[[package]]
name = "mypy-extensions"
version = "1.0.0"
source = { registry = "https://pypi.org/simple" }
sdist = { url = "https://files.pythonhosted.org/packages/98/a4/1ab47638b92648243faf97a5aeb6ea83059cc3624972ab6b8d2316078d3f/mypy_extensions-1.0.0.tar.gz", hash = "sha256:75dbf8955dc00442a438fc4d0666508a9a97b6bd41aa2f0ffe9d2f2725af0782", size = 4433 }
wheels = [
    { url = "https://files.pythonhosted.org/packages/2a/e2/5d3f6ada4297caebe1a2add3b126fe800c96f56dbe5d1988a2cbe0b267aa/mypy_extensions-1.0.0-py3-none-any.whl", hash = "sha256:4392f6c0eb8a5668a69e23d168ffa70f0be9ccfd32b5cc2d26a34ae5b844552d", size = 4695 },
]

[[package]]
name = "nodeenv"
version = "1.9.1"
source = { registry = "https://pypi.org/simple" }
sdist = { url = "https://files.pythonhosted.org/packages/43/16/fc88b08840de0e0a72a2f9d8c6bae36be573e475a6326ae854bcc549fc45/nodeenv-1.9.1.tar.gz", hash = "sha256:6ec12890a2dab7946721edbfbcd91f3319c6ccc9aec47be7c7e6b7011ee6645f", size = 47437 }
wheels = [
    { url = "https://files.pythonhosted.org/packages/d2/1d/1b658dbd2b9fa9c4c9f32accbfc0205d532c8c6194dc0f2a4c0428e7128a/nodeenv-1.9.1-py2.py3-none-any.whl", hash = "sha256:ba11c9782d29c27c70ffbdda2d7415098754709be8a7056d79a737cd901155c9", size = 22314 },
]

[[package]]
name = "packaging"
version = "24.2"
source = { registry = "https://pypi.org/simple" }
sdist = { url = "https://files.pythonhosted.org/packages/d0/63/68dbb6eb2de9cb10ee4c9c14a0148804425e13c4fb20d61cce69f53106da/packaging-24.2.tar.gz", hash = "sha256:c228a6dc5e932d346bc5739379109d49e8853dd8223571c7c5b55260edc0b97f", size = 163950 }
wheels = [
    { url = "https://files.pythonhosted.org/packages/88/ef/eb23f262cca3c0c4eb7ab1933c3b1f03d021f2c48f54763065b6f0e321be/packaging-24.2-py3-none-any.whl", hash = "sha256:09abb1bccd265c01f4a3aa3f7a7db064b36514d2cba19a2f694fe6150451a759", size = 65451 },
]

[[package]]
name = "pathspec"
version = "0.12.1"
source = { registry = "https://pypi.org/simple" }
sdist = { url = "https://files.pythonhosted.org/packages/ca/bc/f35b8446f4531a7cb215605d100cd88b7ac6f44ab3fc94870c120ab3adbf/pathspec-0.12.1.tar.gz", hash = "sha256:a482d51503a1ab33b1c67a6c3813a26953dbdc71c31dacaef9a838c4e29f5712", size = 51043 }
wheels = [
    { url = "https://files.pythonhosted.org/packages/cc/20/ff623b09d963f88bfde16306a54e12ee5ea43e9b597108672ff3a408aad6/pathspec-0.12.1-py3-none-any.whl", hash = "sha256:a0d503e138a4c123b27490a4f7beda6a01c6f288df0e4a8b79c7eb0dc7b4cc08", size = 31191 },
]

[[package]]
name = "platformdirs"
version = "4.3.6"
source = { registry = "https://pypi.org/simple" }
sdist = { url = "https://files.pythonhosted.org/packages/13/fc/128cc9cb8f03208bdbf93d3aa862e16d376844a14f9a0ce5cf4507372de4/platformdirs-4.3.6.tar.gz", hash = "sha256:357fb2acbc885b0419afd3ce3ed34564c13c9b95c89360cd9563f73aa5e2b907", size = 21302 }
wheels = [
    { url = "https://files.pythonhosted.org/packages/3c/a6/bc1012356d8ece4d66dd75c4b9fc6c1f6650ddd5991e421177d9f8f671be/platformdirs-4.3.6-py3-none-any.whl", hash = "sha256:73e575e1408ab8103900836b97580d5307456908a03e92031bab39e4554cc3fb", size = 18439 },
]

[[package]]
name = "pyright"
version = "1.1.320"
source = { registry = "https://pypi.org/simple" }
dependencies = [
    { name = "nodeenv" },
]
sdist = { url = "https://files.pythonhosted.org/packages/84/2a/e4694be6ebfd170bed88edef1521b205f1b4a8213e86f16672a2b5a168ba/pyright-1.1.320.tar.gz", hash = "sha256:94223e3b82d0b4c99c5125bab4d628ec749ce0b5b2ae0471fd4921dd4eff460d", size = 16843 }
wheels = [
    { url = "https://files.pythonhosted.org/packages/4c/65/e08aa3cf898174dca9c9c3aaa768afce25b0dc682260fa39c3256baed50a/pyright-1.1.320-py3-none-any.whl", hash = "sha256:cdf739f7827374575cefb134311457d08c189793c3da3097c023debec9acaedb", size = 17623 },
]

[[package]]
name = "python-template-repo"
version = "0.1.0"
source = { editable = "." }
dependencies = [
    { name = "uvicorn" },
]

[package.optional-dependencies]
dev = [
    { name = "black" },
    { name = "pyright" },
    { name = "ruff" },
]

[package.metadata]
requires-dist = [
    { name = "black", marker = "extra == 'dev'", specifier = ">=23.9.1,<23.9.2" },
    { name = "pyright", marker = "extra == 'dev'", specifier = ">=1.1.320,<1.1.321" },
    { name = "ruff", marker = "extra == 'dev'", specifier = ">=0.0.289,<0.0.290" },
    { name = "uvicorn", specifier = ">=0.22.0,<0.23.0" },
]
provides-extras = ["dev"]

[[package]]
name = "ruff"
version = "0.0.289"
source = { registry = "https://pypi.org/simple" }
sdist = { url = "https://files.pythonhosted.org/packages/aa/e4/9b29a399dc98998d59cd99690bd35433a00c9422968b633651367fa65993/ruff-0.0.289.tar.gz", hash = "sha256:2513f853b0fc42f0339b7ab0d2751b63ce7a50a0032d2689b54b2931b3b866d7", size = 1557867 }
wheels = [
    { url = "https://files.pythonhosted.org/packages/19/41/e7248ae687329d08fb05524241ad223fbd72eeb9ae928aedec869bab93bf/ruff-0.0.289-py3-none-macosx_10_7_x86_64.whl", hash = "sha256:c9a89d748e90c840bac9c37afe90cf13a5bfd460ca02ea93dad9d7bee3af03b4", size = 5928872 },
    { url = "https://files.pythonhosted.org/packages/a8/85/73e22fb065d5738e3558c92d3d7d692b5b297ba27412785246545a02e12d/ruff-0.0.289-py3-none-macosx_10_9_x86_64.macosx_11_0_arm64.macosx_10_9_universal2.whl", hash = "sha256:7f7396c6ea01ba332a6ad9d47642bac25d16bd2076aaa595b001f58b2f32ff05", size = 11441470 },
    { url = "https://files.pythonhosted.org/packages/65/6f/67224955c96ddebf8b93133f174dcf6e7a6fa9e6a37ebc89f781105ec01f/ruff-0.0.289-py3-none-manylinux_2_17_aarch64.manylinux2014_aarch64.whl", hash = "sha256:7180de86c8ecd39624dec1699136f941c07e723201b4ce979bec9e7c67b40ad2", size = 5812845 },
    { url = "https://files.pythonhosted.org/packages/17/34/a65515cce52b5f2e0a3de4a11820ef56b5bf409325e3550a990c57747e6b/ruff-0.0.289-py3-none-manylinux_2_17_armv7l.manylinux2014_armv7l.whl", hash = "sha256:73f37c65508203dd01a539926375a10243769c20d4fcab3fa6359cd3fbfc54b7", size = 5478337 },
    { url = "https://files.pythonhosted.org/packages/20/02/474e67c90f73b6112d2f4dba2787e369ac157e50615b4e5358549f3d6714/ruff-0.0.289-py3-none-manylinux_2_17_i686.manylinux2014_i686.whl", hash = "sha256:1c14abcd7563b5c80be2dd809eeab20e4aa716bf849860b60a22d87ddf19eb88", size = 5966216 },
    { url = "https://files.pythonhosted.org/packages/e8/5a/24e2c877d7270f8b689a7583baa1ba41907a69208dc8978b01a62f88e503/ruff-0.0.289-py3-none-manylinux_2_17_ppc64.manylinux2014_ppc64.whl", hash = "sha256:91b6d63b6b46d4707916472c91baa87aa0592e73f62a80ff55efdf6c0668cfd6", size = 6587678 },
    { url = "https://files.pythonhosted.org/packages/bc/ae/4864586beea01886bfea8980f9b3217c294d1d8f00a41c7a4ba9f169a143/ruff-0.0.289-py3-none-manylinux_2_17_ppc64le.manylinux2014_ppc64le.whl", hash = "sha256:6479b8c4be3c36046c6c92054762b276fa0fddb03f6b9a310fbbf4c4951267fd", size = 6478798 },
    { url = "https://files.pythonhosted.org/packages/ab/ac/ccda5305dee34fe80f036ef5a3098ce8de6aa5214aca1b7f600212af752e/ruff-0.0.289-py3-none-manylinux_2_17_s390x.manylinux2014_s390x.whl", hash = "sha256:c5424318c254bcb091cb67e140ec9b9f7122074e100b06236f252923fb41e767", size = 7558441 },
    { url = "https://files.pythonhosted.org/packages/78/9b/8a06073677e02714996e9dc60351b3b61371f8c7246e350248167e03d29f/ruff-0.0.289-py3-none-manylinux_2_17_x86_64.manylinux2014_x86_64.whl", hash = "sha256:4daa90865796aedcedf0d8897fdd4cd09bf0ddd3504529a4ccf211edcaff3c7d", size = 6171191 },
    { url = "https://files.pythonhosted.org/packages/a8/1d/f7a276ed36ff4cb5c966ec079986b2ee252506cb5ed7ba1cee3a417b1857/ruff-0.0.289-py3-none-musllinux_1_2_aarch64.whl", hash = "sha256:8057e8ab0016c13b9419bad119e854f881e687bd96bc5e2d52c8baac0f278a44", size = 5756289 },
    { url = "https://files.pythonhosted.org/packages/94/dc/79a73411991d50d0f81fa2a820180d0cdeb374e8707adab042f230d19e8c/ruff-0.0.289-py3-none-musllinux_1_2_armv7l.whl", hash = "sha256:7eebfab2e6a6991908ff1bf82f2dc1e5095fc7e316848e62124526837b445f4d", size = 5482793 },
    { url = "https://files.pythonhosted.org/packages/0a/9f/fee01463786e7c2994a3a06d0578d963668dfa3533d952fdad1a102e5629/ruff-0.0.289-py3-none-musllinux_1_2_i686.whl", hash = "sha256:ebc7af550018001a7fb39ca22cdce20e1a0de4388ea4a007eb5c822f6188c297", size = 5826935 },
    { url = "https://files.pythonhosted.org/packages/1f/f7/fb9e8bd8798fdec0f19fef20db3c5c39d714ef4aa0e31dac01afb84e0e72/ruff-0.0.289-py3-none-musllinux_1_2_x86_64.whl", hash = "sha256:6e4e6eccb753efe760ba354fc8e9f783f6bba71aa9f592756f5bd0d78db898ed", size = 6233783 },
    { url = "https://files.pythonhosted.org/packages/ed/31/548110dac6685d8c4098f9d07c732eaa6fb0664520581c6d7d6d8d43dfd7/ruff-0.0.289-py3-none-win32.whl", hash = "sha256:bbb3044f931c09cf17dbe5b339896eece0d6ac10c9a86e172540fcdb1974f2b7", size = 5689576 },
    { url = "https://files.pythonhosted.org/packages/c6/56/0287e5605e84836bd7ea34a8ed25346a4d8dcb84fb4ee7d3fc87d46c9fdd/ruff-0.0.289-py3-none-win_amd64.whl", hash = "sha256:6d043c5456b792be2615a52f16056c3cf6c40506ce1f2d6f9d3083cfcb9eeab6", size = 6041579 },
    { url = "https://files.pythonhosted.org/packages/3b/5b/c334788baa2c731e3319711a219e1493599de4c83d01967d4ede2c8bb6a9/ruff-0.0.289-py3-none-win_arm64.whl", hash = "sha256:04a720bcca5e987426bb14ad8b9c6f55e259ea774da1cbeafe71569744cfd20a", size = 5826760 },
]

[[package]]
name = "uvicorn"
version = "0.22.0"
source = { registry = "https://pypi.org/simple" }
dependencies = [
    { name = "click" },
    { name = "h11" },
]
sdist = { url = "https://files.pythonhosted.org/packages/c6/dd/0d3bab50ab4ef8bec849f89fec2adc2fabcc397018c30e57d9f0d4009c5e/uvicorn-0.22.0.tar.gz", hash = "sha256:79277ae03db57ce7d9aa0567830bbb51d7a612f54d6e1e3e92da3ef24c2c8ed8", size = 37688 }
wheels = [
    { url = "https://files.pythonhosted.org/packages/ad/bd/d47ee02312640fcf26c7e1c807402d5c5eab468571153a94ec8f7ada0e46/uvicorn-0.22.0-py3-none-any.whl", hash = "sha256:e9434d3bbf05f310e762147f769c9f21235ee118ba2d2bf1155a7196448bd996", size = 58345 },
]
